
Microsoft Visual Studio Solution File, Format Version 12.00
# Visual Studio 15
VisualStudioVersion = 15.0.28010.2046
MinimumVisualStudioVersion = 10.0.40219.1
Project("{FAE04EC0-301F-11D3-BF4B-00C04F79EFBC}") = "part 2", "part 2\part 2.csproj", "{0A6CD646-DAC6-469C-8F12-3825AE5CB930}"
EndProject
Global
	GlobalSection(SolutionConfigurationPlatforms) = preSolution
		Debug|Any CPU = Debug|Any CPU
		Release|Any CPU = Release|Any CPU
	EndGlobalSection
	GlobalSection(ProjectConfigurationPlatforms) = postSolution
		{0A6CD646-DAC6-469C-8F12-3825AE5CB930}.Debug|Any CPU.ActiveCfg = Debug|Any CPU
		{0A6CD646-DAC6-469C-8F12-3825AE5CB930}.Debug|Any CPU.Build.0 = Debug|Any CPU
		{0A6CD646-DAC6-469C-8F12-3825AE5CB930}.Release|Any CPU.ActiveCfg = Release|Any CPU
		{0A6CD646-DAC6-469C-8F12-3825AE5CB930}.Release|Any CPU.Build.0 = Release|Any CPU
	EndGlobalSection
	GlobalSection(SolutionProperties) = preSolution
		HideSolutionNode = FALSE
	EndGlobalSection
	GlobalSection(ExtensibilityGlobals) = postSolution
		SolutionGuid = {1BAEC053-43B2-4E2D-9082-194C3F9679D4}
	EndGlobalSection
EndGlobal
