
Microsoft Visual Studio Solution File, Format Version 12.00
# Visual Studio 15
VisualStudioVersion = 15.0.28010.2046
MinimumVisualStudioVersion = 10.0.40219.1
Project("{FAE04EC0-301F-11D3-BF4B-00C04F79EFBC}") = "part 3", "part 3\part 3.csproj", "{DFBF4883-A36B-4331-8E7C-234B67AFAF33}"
EndProject
Global
	GlobalSection(SolutionConfigurationPlatforms) = preSolution
		Debug|Any CPU = Debug|Any CPU
		Release|Any CPU = Release|Any CPU
	EndGlobalSection
	GlobalSection(ProjectConfigurationPlatforms) = postSolution
		{DFBF4883-A36B-4331-8E7C-234B67AFAF33}.Debug|Any CPU.ActiveCfg = Debug|Any CPU
		{DFBF4883-A36B-4331-8E7C-234B67AFAF33}.Debug|Any CPU.Build.0 = Debug|Any CPU
		{DFBF4883-A36B-4331-8E7C-234B67AFAF33}.Release|Any CPU.ActiveCfg = Release|Any CPU
		{DFBF4883-A36B-4331-8E7C-234B67AFAF33}.Release|Any CPU.Build.0 = Release|Any CPU
	EndGlobalSection
	GlobalSection(SolutionProperties) = preSolution
		HideSolutionNode = FALSE
	EndGlobalSection
	GlobalSection(ExtensibilityGlobals) = postSolution
		SolutionGuid = {9C139975-9A04-4585-BE9F-9A23ADD016D5}
	EndGlobalSection
EndGlobal
